
Microsoft Visual Studio Solution File, Format Version 12.00
# Visual Studio Version 17
VisualStudioVersion = 17.7.34031.279
MinimumVisualStudioVersion = 10.0.40219.1
Project("{FAE04EC0-301F-11D3-BF4B-00C04F79EFBC}") = "LinqORM", "LinqORM.csproj", "{7A81E43C-63DC-4E4B-A1AF-9D10FDCF4488}"
EndProject
Global
	GlobalSection(SolutionConfigurationPlatforms) = preSolution
		Debug|Any CPU = Debug|Any CPU
		Release|Any CPU = Release|Any CPU
	EndGlobalSection
	GlobalSection(ProjectConfigurationPlatforms) = postSolution
		{7A81E43C-63DC-4E4B-A1AF-9D10FDCF4488}.Debug|Any CPU.ActiveCfg = Debug|Any CPU
		{7A81E43C-63DC-4E4B-A1AF-9D10FDCF4488}.Debug|Any CPU.Build.0 = Debug|Any CPU
		{7A81E43C-63DC-4E4B-A1AF-9D10FDCF4488}.Release|Any CPU.ActiveCfg = Release|Any CPU
		{7A81E43C-63DC-4E4B-A1AF-9D10FDCF4488}.Release|Any CPU.Build.0 = Release|Any CPU
	EndGlobalSection
	GlobalSection(SolutionProperties) = preSolution
		HideSolutionNode = FALSE
	EndGlobalSection
	GlobalSection(ExtensibilityGlobals) = postSolution
		SolutionGuid = {AC6E320A-9212-4FE4-A5CC-F16594DCD4D9}
	EndGlobalSection
EndGlobal
